PODS:
  - Flurry-iOS-SDK/FlurryAds (7.6.6):
    - Flurry-iOS-SDK/FlurrySDK
  - Flurry-iOS-SDK/FlurrySDK (7.6.6)

DEPENDENCIES:
  - Flurry-iOS-SDK/FlurryAds
  - Flurry-iOS-SDK/FlurrySDK

SPEC CHECKSUMS:
  Flurry-iOS-SDK: 97bbeec09cca666c2f1772f6e161c4f8ccff611e

PODFILE CHECKSUM: 3445acfd2478c98373e370b9d9f9eab1cfbe5a0d

COCOAPODS: 1.1.1
